PODS:
  - MBNetworkingSwift (1.0.10)
  - MBurgerSwift (1.0.5):
    - MBNetworkingSwift
    - SAMKeychain
  - MPushSwift (0.2.12):
    - MBNetworkingSwift
  - SAMKeychain (1.5.3)

DEPENDENCIES:
  - MBurgerSwift (from `../MBurgerSwift`)
  - MPushSwift

SPEC REPOS:
  trunk:
    - MBNetworkingSwift
    - MPushSwift
    - SAMKeychain

EXTERNAL SOURCES:
  MBurgerSwift:
    :path: "../MBurgerSwift"

SPEC CHECKSUMS:
  MBNetworkingSwift: 293afd6c2a20e9d242204ad3a868f44fa7d8e23f
  MBurgerSwift: 9da24875a175995993a9658f68e7d40c87d7a3bc
  MPushSwift: 57b2dce59e51a17ae8f10d7863cbab8386eee485
  SAMKeychain: 483e1c9f32984d50ca961e26818a534283b4cd5c

PODFILE CHECKSUM: 552cc280d8e676d8d4da95599757df6cc002b94d

COCOAPODS: 1.9.3
