PODS:
  - MBNetworkingSwift (1.0.10)
  - MBurgerSwift (1.0.5):
    - MBNetworkingSwift
    - SAMKeychain
  - SAMKeychain (1.5.3)

DEPENDENCIES:
  - "MBurgerSwift (from `git@github.com:Mumble-SRL/MBurgerSwift.git`, branch `develop`)"

SPEC REPOS:
  trunk:
    - MBNetworkingSwift
    - SAMKeychain

EXTERNAL SOURCES:
  MBurgerSwift:
    :branch: develop
    :git: "git@github.com:Mumble-SRL/MBurgerSwift.git"

CHECKOUT OPTIONS:
  MBurgerSwift:
    :commit: 54f4f21f2c261ec32b4bcccc283914208259d13b
    :git: "git@github.com:Mumble-SRL/MBurgerSwift.git"

SPEC CHECKSUMS:
  MBNetworkingSwift: 293afd6c2a20e9d242204ad3a868f44fa7d8e23f
  MBurgerSwift: e9e39042dcf24ccb6b638f382cafbe3305c3fba2
  SAMKeychain: 483e1c9f32984d50ca961e26818a534283b4cd5c

PODFILE CHECKSUM: 8dbce11f875abe0c46266bcfc0718ef32d74a3c2

COCOAPODS: 1.9.1
