// !$*UTF8*$!
{
	archiveVersion = 1;
	classes = {
	};
	objectVersion = 50;
	objects = {

/* Begin PBXBuildFile section */
		EC0F42A2242113E600A3130A /* MBInAppMessageViewStyle.swift in Sources */ = {isa = PBXBuildFile; fileRef = EC0F42A1242113E600A3130A /* MBInAppMessageViewStyle.swift */; };
		EC4C8F492440AEA30019F59E /* MBInAppMessageFullscreenImageView.swift in Sources */ = {isa = PBXBuildFile; fileRef = EC4C8F482440AEA30019F59E /* MBInAppMessageFullscreenImageView.swift */; };
		EC937C5A2420C8E2001B8AA1 /* AppDelegate.swift in Sources */ = {isa = PBXBuildFile; fileRef = EC937C592420C8E2001B8AA1 /* AppDelegate.swift */; };
		EC937C5C2420C8E2001B8AA1 /* SceneDelegate.swift in Sources */ = {isa = PBXBuildFile; fileRef = EC937C5B2420C8E2001B8AA1 /* SceneDelegate.swift */; };
		EC937C5E2420C8E2001B8AA1 /* ViewController.swift in Sources */ = {isa = PBXBuildFile; fileRef = EC937C5D2420C8E2001B8AA1 /* ViewController.swift */; };
		EC937C612420C8E2001B8AA1 /* Main.storyboard in Resources */ = {isa = PBXBuildFile; fileRef = EC937C5F2420C8E2001B8AA1 /* Main.storyboard */; };
		EC937C632420C8E4001B8AA1 /* Assets.xcassets in Resources */ = {isa = PBXBuildFile; fileRef = EC937C622420C8E4001B8AA1 /* Assets.xcassets */; };
		EC937C662420C8E4001B8AA1 /* LaunchScreen.storyboard in Resources */ = {isa = PBXBuildFile; fileRef = EC937C642420C8E4001B8AA1 /* LaunchScreen.storyboard */; };
		EC937C6E2420C9DD001B8AA1 /* MBInAppMessage.swift in Sources */ = {isa = PBXBuildFile; fileRef = EC937C6D2420C9DD001B8AA1 /* MBInAppMessage.swift */; };
		EC937C702420CB33001B8AA1 /* MBInAppMessageManager.swift in Sources */ = {isa = PBXBuildFile; fileRef = EC937C6F2420CB33001B8AA1 /* MBInAppMessageManager.swift */; };
		EC937C722420CD3A001B8AA1 /* MBInAppMessageTopBanner.swift in Sources */ = {isa = PBXBuildFile; fileRef = EC937C712420CD3A001B8AA1 /* MBInAppMessageTopBanner.swift */; };
		EC937C742420CE38001B8AA1 /* MBInAppMessageView.swift in Sources */ = {isa = PBXBuildFile; fileRef = EC937C732420CE38001B8AA1 /* MBInAppMessageView.swift */; };
		EC937C762420D495001B8AA1 /* MBInAppMessageImageLoader.swift in Sources */ = {isa = PBXBuildFile; fileRef = EC937C752420D495001B8AA1 /* MBInAppMessageImageLoader.swift */; };
		EC937C782420E001001B8AA1 /* MBInAppMessageBottomBanner.swift in Sources */ = {isa = PBXBuildFile; fileRef = EC937C772420E001001B8AA1 /* MBInAppMessageBottomBanner.swift */; };
		ECCE524A242103C7001DB16C /* MBInAppMessageCenterView.swift in Sources */ = {isa = PBXBuildFile; fileRef = ECCE5249242103C7001DB16C /* MBInAppMessageCenterView.swift */; };
		ECEC51CE2420E33800A1A3EE /* MBInAppMessageBannerContent.swift in Sources */ = {isa = PBXBuildFile; fileRef = ECEC51CD2420E33800A1A3EE /* MBInAppMessageBannerContent.swift */; };
/* End PBXBuildFile section */

/* Begin PBXFileReference section */
		EC0F42A1242113E600A3130A /* MBInAppMessageViewStyle.swift */ = {isa = PBXFileReference; lastKnownFileType = sourcecode.swift; path = MBInAppMessageViewStyle.swift; sourceTree = "<group>"; };
		EC4C8F482440AEA30019F59E /* MBInAppMessageFullscreenImageView.swift */ = {isa = PBXFileReference; lastKnownFileType = sourcecode.swift; path = MBInAppMessageFullscreenImageView.swift; sourceTree = "<group>"; };
		EC937C562420C8E2001B8AA1 /* MBurgerInAppMessage.app */ = {isa = PBXFileReference; explicitFileType = wrapper.application; includeInIndex = 0; path = MBurgerInAppMessage.app; sourceTree = BUILT_PRODUCTS_DIR; };
		EC937C592420C8E2001B8AA1 /* AppDelegate.swift */ = {isa = PBXFileReference; lastKnownFileType = sourcecode.swift; path = AppDelegate.swift; sourceTree = "<group>"; };
		EC937C5B2420C8E2001B8AA1 /* SceneDelegate.swift */ = {isa = PBXFileReference; lastKnownFileType = sourcecode.swift; path = SceneDelegate.swift; sourceTree = "<group>"; };
		EC937C5D2420C8E2001B8AA1 /* ViewController.swift */ = {isa = PBXFileReference; lastKnownFileType = sourcecode.swift; path = ViewController.swift; sourceTree = "<group>"; };
		EC937C602420C8E2001B8AA1 /* Base */ = {isa = PBXFileReference; lastKnownFileType = file.storyboard; name = Base; path = Base.lproj/Main.storyboard; sourceTree = "<group>"; };
		EC937C622420C8E4001B8AA1 /* Assets.xcassets */ = {isa = PBXFileReference; lastKnownFileType = folder.assetcatalog; path = Assets.xcassets; sourceTree = "<group>"; };
		EC937C652420C8E4001B8AA1 /* Base */ = {isa = PBXFileReference; lastKnownFileType = file.storyboard; name = Base; path = Base.lproj/LaunchScreen.storyboard; sourceTree = "<group>"; };
		EC937C672420C8E4001B8AA1 /* Info.plist */ = {isa = PBXFileReference; lastKnownFileType = text.plist.xml; path = Info.plist; sourceTree = "<group>"; };
		EC937C6D2420C9DD001B8AA1 /* MBInAppMessage.swift */ = {isa = PBXFileReference; lastKnownFileType = sourcecode.swift; path = MBInAppMessage.swift; sourceTree = "<group>"; };
		EC937C6F2420CB33001B8AA1 /* MBInAppMessageManager.swift */ = {isa = PBXFileReference; lastKnownFileType = sourcecode.swift; path = MBInAppMessageManager.swift; sourceTree = "<group>"; };
		EC937C712420CD3A001B8AA1 /* MBInAppMessageTopBanner.swift */ = {isa = PBXFileReference; lastKnownFileType = sourcecode.swift; path = MBInAppMessageTopBanner.swift; sourceTree = "<group>"; };
		EC937C732420CE38001B8AA1 /* MBInAppMessageView.swift */ = {isa = PBXFileReference; lastKnownFileType = sourcecode.swift; path = MBInAppMessageView.swift; sourceTree = "<group>"; };
		EC937C752420D495001B8AA1 /* MBInAppMessageImageLoader.swift */ = {isa = PBXFileReference; lastKnownFileType = sourcecode.swift; path = MBInAppMessageImageLoader.swift; sourceTree = "<group>"; };
		EC937C772420E001001B8AA1 /* MBInAppMessageBottomBanner.swift */ = {isa = PBXFileReference; lastKnownFileType = sourcecode.swift; path = MBInAppMessageBottomBanner.swift; sourceTree = "<group>"; };
		ECCE5249242103C7001DB16C /* MBInAppMessageCenterView.swift */ = {isa = PBXFileReference; lastKnownFileType = sourcecode.swift; path = MBInAppMessageCenterView.swift; sourceTree = "<group>"; };
		ECEC51CD2420E33800A1A3EE /* MBInAppMessageBannerContent.swift */ = {isa = PBXFileReference; lastKnownFileType = sourcecode.swift; path = MBInAppMessageBannerContent.swift; sourceTree = "<group>"; };
/* End PBXFileReference section */

/* Begin PBXFrameworksBuildPhase section */
		EC937C532420C8E2001B8AA1 /* Frameworks */ = {
			isa = PBXFrameworksBuildPhase;
			buildActionMask = 2147483647;
			files = (
			);
			runOnlyForDeploymentPostprocessing = 0;
		};
/* End PBXFrameworksBuildPhase section */

/* Begin PBXGroup section */
		EC0F42A32421193900A3130A /* Center */ = {
			isa = PBXGroup;
			children = (
				ECCE5249242103C7001DB16C /* MBInAppMessageCenterView.swift */,
			);
			path = Center;
			sourceTree = "<group>";
		};
		EC4C8F472440AE840019F59E /* FullscreenImage */ = {
			isa = PBXGroup;
			children = (
				EC4C8F482440AEA30019F59E /* MBInAppMessageFullscreenImageView.swift */,
			);
			path = FullscreenImage;
			sourceTree = "<group>";
		};
		EC937C4D2420C8E2001B8AA1 = {
			isa = PBXGroup;
			children = (
				EC937C582420C8E2001B8AA1 /* MBurgerInAppMessage */,
				EC937C572420C8E2001B8AA1 /* Products */,
			);
			sourceTree = "<group>";
		};
		EC937C572420C8E2001B8AA1 /* Products */ = {
			isa = PBXGroup;
			children = (
				EC937C562420C8E2001B8AA1 /* MBurgerInAppMessage.app */,
			);
			name = Products;
			sourceTree = "<group>";
		};
		EC937C582420C8E2001B8AA1 /* MBurgerInAppMessage */ = {
			isa = PBXGroup;
			children = (
				EC937C592420C8E2001B8AA1 /* AppDelegate.swift */,
				EC937C5B2420C8E2001B8AA1 /* SceneDelegate.swift */,
				EC937C5D2420C8E2001B8AA1 /* ViewController.swift */,
				ECEC51CF2420E61B00A1A3EE /* MBInAppMessage */,
				EC937C5F2420C8E2001B8AA1 /* Main.storyboard */,
				EC937C622420C8E4001B8AA1 /* Assets.xcassets */,
				EC937C642420C8E4001B8AA1 /* LaunchScreen.storyboard */,
				EC937C672420C8E4001B8AA1 /* Info.plist */,
			);
			path = MBurgerInAppMessage;
			sourceTree = "<group>";
		};
		EC937C792420E0A6001B8AA1 /* Views */ = {
			isa = PBXGroup;
			children = (
				EC937C732420CE38001B8AA1 /* MBInAppMessageView.swift */,
				EC0F42A1242113E600A3130A /* MBInAppMessageViewStyle.swift */,
				ECCE5248242103A9001DB16C /* Banner */,
				EC0F42A32421193900A3130A /* Center */,
				EC4C8F472440AE840019F59E /* FullscreenImage */,
				EC937C752420D495001B8AA1 /* MBInAppMessageImageLoader.swift */,
			);
			path = Views;
			sourceTree = "<group>";
		};
		ECCE5248242103A9001DB16C /* Banner */ = {
			isa = PBXGroup;
			children = (
				EC937C712420CD3A001B8AA1 /* MBInAppMessageTopBanner.swift */,
				EC937C772420E001001B8AA1 /* MBInAppMessageBottomBanner.swift */,
				ECEC51CD2420E33800A1A3EE /* MBInAppMessageBannerContent.swift */,
			);
			path = Banner;
			sourceTree = "<group>";
		};
		ECEC51CF2420E61B00A1A3EE /* MBInAppMessage */ = {
			isa = PBXGroup;
			children = (
				EC937C6F2420CB33001B8AA1 /* MBInAppMessageManager.swift */,
				EC937C6D2420C9DD001B8AA1 /* MBInAppMessage.swift */,
				EC937C792420E0A6001B8AA1 /* Views */,
			);
			path = MBInAppMessage;
			sourceTree = "<group>";
		};
/* End PBXGroup section */

/* Begin PBXNativeTarget section */
		EC937C552420C8E2001B8AA1 /* MBurgerInAppMessage */ = {
			isa = PBXNativeTarget;
			buildConfigurationList = EC937C6A2420C8E4001B8AA1 /* Build configuration list for PBXNativeTarget "MBurgerInAppMessage" */;
			buildPhases = (
				EC937C522420C8E2001B8AA1 /* Sources */,
				EC937C532420C8E2001B8AA1 /* Frameworks */,
				EC937C542420C8E2001B8AA1 /* Resources */,
			);
			buildRules = (
			);
			dependencies = (
			);
			name = MBurgerInAppMessage;
			productName = MBurgerInAppMessage;
			productReference = EC937C562420C8E2001B8AA1 /* MBurgerInAppMessage.app */;
			productType = "com.apple.product-type.application";
		};
/* End PBXNativeTarget section */

/* Begin PBXProject section */
		EC937C4E2420C8E2001B8AA1 /* Project object */ = {
			isa = PBXProject;
			attributes = {
				LastSwiftUpdateCheck = 1130;
				LastUpgradeCheck = 1130;
				ORGANIZATIONNAME = "Lorenzo Oliveto";
				TargetAttributes = {
					EC937C552420C8E2001B8AA1 = {
						CreatedOnToolsVersion = 11.3.1;
					};
				};
			};
			buildConfigurationList = EC937C512420C8E2001B8AA1 /* Build configuration list for PBXProject "MBurgerInAppMessage" */;
			compatibilityVersion = "Xcode 9.3";
			developmentRegion = en;
			hasScannedForEncodings = 0;
			knownRegions = (
				en,
				Base,
			);
			mainGroup = EC937C4D2420C8E2001B8AA1;
			productRefGroup = EC937C572420C8E2001B8AA1 /* Products */;
			projectDirPath = "";
			projectRoot = "";
			targets = (
				EC937C552420C8E2001B8AA1 /* MBurgerInAppMessage */,
			);
		};
/* End PBXProject section */

/* Begin PBXResourcesBuildPhase section */
		EC937C542420C8E2001B8AA1 /* Resources */ = {
			isa = PBXResourcesBuildPhase;
			buildActionMask = 2147483647;
			files = (
				EC937C662420C8E4001B8AA1 /* LaunchScreen.storyboard in Resources */,
				EC937C632420C8E4001B8AA1 /* Assets.xcassets in Resources */,
				EC937C612420C8E2001B8AA1 /* Main.storyboard in Resources */,
			);
			runOnlyForDeploymentPostprocessing = 0;
		};
/* End PBXResourcesBuildPhase section */

/* Begin PBXSourcesBuildPhase section */
		EC937C522420C8E2001B8AA1 /* Sources */ = {
			isa = PBXSourcesBuildPhase;
			buildActionMask = 2147483647;
			files = (
				EC0F42A2242113E600A3130A /* MBInAppMessageViewStyle.swift in Sources */,
				EC937C762420D495001B8AA1 /* MBInAppMessageImageLoader.swift in Sources */,
				EC937C742420CE38001B8AA1 /* MBInAppMessageView.swift in Sources */,
				EC937C782420E001001B8AA1 /* MBInAppMessageBottomBanner.swift in Sources */,
				ECCE524A242103C7001DB16C /* MBInAppMessageCenterView.swift in Sources */,
				EC937C5E2420C8E2001B8AA1 /* ViewController.swift in Sources */,
				EC937C5A2420C8E2001B8AA1 /* AppDelegate.swift in Sources */,
				ECEC51CE2420E33800A1A3EE /* MBInAppMessageBannerContent.swift in Sources */,
				EC937C722420CD3A001B8AA1 /* MBInAppMessageTopBanner.swift in Sources */,
				EC937C6E2420C9DD001B8AA1 /* MBInAppMessage.swift in Sources */,
				EC937C702420CB33001B8AA1 /* MBInAppMessageManager.swift in Sources */,
				EC4C8F492440AEA30019F59E /* MBInAppMessageFullscreenImageView.swift in Sources */,
				EC937C5C2420C8E2001B8AA1 /* SceneDelegate.swift in Sources */,
			);
			runOnlyForDeploymentPostprocessing = 0;
		};
/* End PBXSourcesBuildPhase section */

/* Begin PBXVariantGroup section */
		EC937C5F2420C8E2001B8AA1 /* Main.storyboard */ = {
			isa = PBXVariantGroup;
			children = (
				EC937C602420C8E2001B8AA1 /* Base */,
			);
			name = Main.storyboard;
			sourceTree = "<group>";
		};
		EC937C642420C8E4001B8AA1 /* LaunchScreen.storyboard */ = {
			isa = PBXVariantGroup;
			children = (
				EC937C652420C8E4001B8AA1 /* Base */,
			);
			name = LaunchScreen.storyboard;
			sourceTree = "<group>";
		};
/* End PBXVariantGroup section */

/* Begin XCBuildConfiguration section */
		EC937C682420C8E4001B8AA1 /* Debug */ = {
			isa = XCBuildConfiguration;
			buildSettings = {
				ALWAYS_SEARCH_USER_PATHS = NO;
				CLANG_ANALYZER_NONNULL = YES;
				CLANG_ANALYZER_NUMBER_OBJECT_CONVERSION = YES_AGGRESSIVE;
				CLANG_CXX_LANGUAGE_STANDARD = "gnu++14";
				CLANG_CXX_LIBRARY = "libc++";
				CLANG_ENABLE_MODULES = YES;
				CLANG_ENABLE_OBJC_ARC = YES;
				CLANG_ENABLE_OBJC_WEAK = YES;
				CLANG_WARN_BLOCK_CAPTURE_AUTORELEASING = YES;
				CLANG_WARN_BOOL_CONVERSION = YES;
				CLANG_WARN_COMMA = YES;
				CLANG_WARN_CONSTANT_CONVERSION = YES;
				CLANG_WARN_DEPRECATED_OBJC_IMPLEMENTATIONS = YES;
				CLANG_WARN_DIRECT_OBJC_ISA_USAGE = YES_ERROR;
				CLANG_WARN_DOCUMENTATION_COMMENTS = YES;
				CLANG_WARN_EMPTY_BODY = YES;
				CLANG_WARN_ENUM_CONVERSION = YES;
				CLANG_WARN_INFINITE_RECURSION = YES;
				CLANG_WARN_INT_CONVERSION = YES;
				CLANG_WARN_NON_LITERAL_NULL_CONVERSION = YES;
				CLANG_WARN_OBJC_IMPLICIT_RETAIN_SELF = YES;
				CLANG_WARN_OBJC_LITERAL_CONVERSION = YES;
				CLANG_WARN_OBJC_ROOT_CLASS = YES_ERROR;
				CLANG_WARN_RANGE_LOOP_ANALYSIS = YES;
				CLANG_WARN_STRICT_PROTOTYPES = YES;
				CLANG_WARN_SUSPICIOUS_MOVE = YES;
				CLANG_WARN_UNGUARDED_AVAILABILITY = YES_AGGRESSIVE;
				CLANG_WARN_UNREACHABLE_CODE = YES;
				CLANG_WARN__DUPLICATE_METHOD_MATCH = YES;
				COPY_PHASE_STRIP = NO;
				DEBUG_INFORMATION_FORMAT = dwarf;
				ENABLE_STRICT_OBJC_MSGSEND = YES;
				ENABLE_TESTABILITY = YES;
				GCC_C_LANGUAGE_STANDARD = gnu11;
				GCC_DYNAMIC_NO_PIC = NO;
				GCC_NO_COMMON_BLOCKS = YES;
				GCC_OPTIMIZATION_LEVEL = 0;
				GCC_PREPROCESSOR_DEFINITIONS = (
					"DEBUG=1",
					"$(inherited)",
				);
				GCC_WARN_64_TO_32_BIT_CONVERSION = YES;
				GCC_WARN_ABOUT_RETURN_TYPE = YES_ERROR;
				GCC_WARN_UNDECLARED_SELECTOR = YES;
				GCC_WARN_UNINITIALIZED_AUTOS = YES_AGGRESSIVE;
				GCC_WARN_UNUSED_FUNCTION = YES;
				GCC_WARN_UNUSED_VARIABLE = YES;
				IPHONEOS_DEPLOYMENT_TARGET = 13.2;
				MTL_ENABLE_DEBUG_INFO = INCLUDE_SOURCE;
				MTL_FAST_MATH = YES;
				ONLY_ACTIVE_ARCH = YES;
				SDKROOT = iphoneos;
				SWIFT_ACTIVE_COMPILATION_CONDITIONS = DEBUG;
				SWIFT_OPTIMIZATION_LEVEL = "-Onone";
			};
			name = Debug;
		};
		EC937C692420C8E4001B8AA1 /* Release */ = {
			isa = XCBuildConfiguration;
			buildSettings = {
				ALWAYS_SEARCH_USER_PATHS = NO;
				CLANG_ANALYZER_NONNULL = YES;
				CLANG_ANALYZER_NUMBER_OBJECT_CONVERSION = YES_AGGRESSIVE;
				CLANG_CXX_LANGUAGE_STANDARD = "gnu++14";
				CLANG_CXX_LIBRARY = "libc++";
				CLANG_ENABLE_MODULES = YES;
				CLANG_ENABLE_OBJC_ARC = YES;
				CLANG_ENABLE_OBJC_WEAK = YES;
				CLANG_WARN_BLOCK_CAPTURE_AUTORELEASING = YES;
				CLANG_WARN_BOOL_CONVERSION = YES;
				CLANG_WARN_COMMA = YES;
				CLANG_WARN_CONSTANT_CONVERSION = YES;
				CLANG_WARN_DEPRECATED_OBJC_IMPLEMENTATIONS = YES;
				CLANG_WARN_DIRECT_OBJC_ISA_USAGE = YES_ERROR;
				CLANG_WARN_DOCUMENTATION_COMMENTS = YES;
				CLANG_WARN_EMPTY_BODY = YES;
				CLANG_WARN_ENUM_CONVERSION = YES;
				CLANG_WARN_INFINITE_RECURSION = YES;
				CLANG_WARN_INT_CONVERSION = YES;
				CLANG_WARN_NON_LITERAL_NULL_CONVERSION = YES;
				CLANG_WARN_OBJC_IMPLICIT_RETAIN_SELF = YES;
				CLANG_WARN_OBJC_LITERAL_CONVERSION = YES;
				CLANG_WARN_OBJC_ROOT_CLASS = YES_ERROR;
				CLANG_WARN_RANGE_LOOP_ANALYSIS = YES;
				CLANG_WARN_STRICT_PROTOTYPES = YES;
				CLANG_WARN_SUSPICIOUS_MOVE = YES;
				CLANG_WARN_UNGUARDED_AVAILABILITY = YES_AGGRESSIVE;
				CLANG_WARN_UNREACHABLE_CODE = YES;
				CLANG_WARN__DUPLICATE_METHOD_MATCH = YES;
				COPY_PHASE_STRIP = NO;
				DEBUG_INFORMATION_FORMAT = "dwarf-with-dsym";
				ENABLE_NS_ASSERTIONS = NO;
				ENABLE_STRICT_OBJC_MSGSEND = YES;
				GCC_C_LANGUAGE_STANDARD = gnu11;
				GCC_NO_COMMON_BLOCKS = YES;
				GCC_WARN_64_TO_32_BIT_CONVERSION = YES;
				GCC_WARN_ABOUT_RETURN_TYPE = YES_ERROR;
				GCC_WARN_UNDECLARED_SELECTOR = YES;
				GCC_WARN_UNINITIALIZED_AUTOS = YES_AGGRESSIVE;
				GCC_WARN_UNUSED_FUNCTION = YES;
				GCC_WARN_UNUSED_VARIABLE = YES;
				IPHONEOS_DEPLOYMENT_TARGET = 13.2;
				MTL_ENABLE_DEBUG_INFO = NO;
				MTL_FAST_MATH = YES;
				SDKROOT = iphoneos;
				SWIFT_COMPILATION_MODE = wholemodule;
				SWIFT_OPTIMIZATION_LEVEL = "-O";
				VALIDATE_PRODUCT = YES;
			};
			name = Release;
		};
		EC937C6B2420C8E4001B8AA1 /* Debug */ = {
			isa = XCBuildConfiguration;
			buildSettings = {
				ASSETCATALOG_COMPILER_APPICON_NAME = AppIcon;
				CODE_SIGN_STYLE = Automatic;
				DEVELOPMENT_TEAM = AXR257ENWG;
				INFOPLIST_FILE = MBurgerInAppMessage/Info.plist;
				LD_RUNPATH_SEARCH_PATHS = (
					"$(inherited)",
					"@executable_path/Frameworks",
				);
				PRODUCT_BUNDLE_IDENTIFIER = com.mumble.MBurgerInAppMessage;
				PRODUCT_NAME = "$(TARGET_NAME)";
				SWIFT_VERSION = 5.0;
				TARGETED_DEVICE_FAMILY = "1,2";
			};
			name = Debug;
		};
		EC937C6C2420C8E4001B8AA1 /* Release */ = {
			isa = XCBuildConfiguration;
			buildSettings = {
				ASSETCATALOG_COMPILER_APPICON_NAME = AppIcon;
				CODE_SIGN_STYLE = Automatic;
				DEVELOPMENT_TEAM = AXR257ENWG;
				INFOPLIST_FILE = MBurgerInAppMessage/Info.plist;
				LD_RUNPATH_SEARCH_PATHS = (
					"$(inherited)",
					"@executable_path/Frameworks",
				);
				PRODUCT_BUNDLE_IDENTIFIER = com.mumble.MBurgerInAppMessage;
				PRODUCT_NAME = "$(TARGET_NAME)";
				SWIFT_VERSION = 5.0;
				TARGETED_DEVICE_FAMILY = "1,2";
			};
			name = Release;
		};
/* End XCBuildConfiguration section */

/* Begin XCConfigurationList section */
		EC937C512420C8E2001B8AA1 /* Build configuration list for PBXProject "MBurgerInAppMessage" */ = {
			isa = XCConfigurationList;
			buildConfigurations = (
				EC937C682420C8E4001B8AA1 /* Debug */,
				EC937C692420C8E4001B8AA1 /* Release */,
			);
			defaultConfigurationIsVisible = 0;
			defaultConfigurationName = Release;
		};
		EC937C6A2420C8E4001B8AA1 /* Build configuration list for PBXNativeTarget "MBurgerInAppMessage" */ = {
			isa = XCConfigurationList;
			buildConfigurations = (
				EC937C6B2420C8E4001B8AA1 /* Debug */,
				EC937C6C2420C8E4001B8AA1 /* Release */,
			);
			defaultConfigurationIsVisible = 0;
			defaultConfigurationName = Release;
		};
/* End XCConfigurationList section */
	};
	rootObject = EC937C4E2420C8E2001B8AA1 /* Project object */;
}
